
Microsoft Visual Studio Solution File, Format Version 12.00
# Visual Studio Version 16
VisualStudioVersion = 16.0.30907.101
MinimumVisualStudioVersion = 10.0.40219.1
Project("{9A19103F-16F7-4668-BE54-9A1E7A4F7556}") = "SeeSharpersCinema.Tests", "SeeSharpersCinema.Tests\SeeSharpersCinema.Tests.csproj", "{C57335F6-E615-4771-BE3B-6C57B3713C21}"
EndProject
Project("{9A19103F-16F7-4668-BE54-9A1E7A4F7556}") = "SeeSharpersCinema.Data", "SeeSharpersCinema.Data\SeeSharpersCinema.Data.csproj", "{FBF090AC-494E-4AA3-9D30-9F59B465CC78}"
EndProject
Project("{9A19103F-16F7-4668-BE54-9A1E7A4F7556}") = "SeeSharpersCinema.TouchScreen", "SeeSharpersCinema.TouchScreen\SeeSharpersCinema.TouchScreen.csproj", "{CEB9D7E1-0E00-41B2-B643-B45D5B1ABEA6}"
EndProject
Project("{9A19103F-16F7-4668-BE54-9A1E7A4F7556}") = "SeeSharpersCinema.Website", "SeeSharpersCinema.Website\SeeSharpersCinema.Website.csproj", "{C5FD794C-B033-4582-B7EA-D04942319665}"
EndProject
Project("{FAE04EC0-301F-11D3-BF4B-00C04F79EFBC}") = "SeeSharpersCinema.IntegrationTests", "SeeSharpersCinema.IntegrationTests\SeeSharpersCinema.IntegrationTests.csproj", "{BC5DB557-BAFC-40E7-8A91-AAA79F775BA2}"
EndProject
Global
	GlobalSection(SolutionConfigurationPlatforms) = preSolution
		Debug|Any CPU = Debug|Any CPU
		Release|Any CPU = Release|Any CPU
	EndGlobalSection
	GlobalSection(ProjectConfigurationPlatforms) = postSolution
		{C57335F6-E615-4771-BE3B-6C57B3713C21}.Debug|Any CPU.ActiveCfg = Debug|Any CPU
		{C57335F6-E615-4771-BE3B-6C57B3713C21}.Debug|Any CPU.Build.0 = Debug|Any CPU
		{C57335F6-E615-4771-BE3B-6C57B3713C21}.Release|Any CPU.ActiveCfg = Release|Any CPU
		{C57335F6-E615-4771-BE3B-6C57B3713C21}.Release|Any CPU.Build.0 = Release|Any CPU
		{FBF090AC-494E-4AA3-9D30-9F59B465CC78}.Debug|Any CPU.ActiveCfg = Debug|Any CPU
		{FBF090AC-494E-4AA3-9D30-9F59B465CC78}.Debug|Any CPU.Build.0 = Debug|Any CPU
		{FBF090AC-494E-4AA3-9D30-9F59B465CC78}.Release|Any CPU.ActiveCfg = Release|Any CPU
		{FBF090AC-494E-4AA3-9D30-9F59B465CC78}.Release|Any CPU.Build.0 = Release|Any CPU
		{CEB9D7E1-0E00-41B2-B643-B45D5B1ABEA6}.Debug|Any CPU.ActiveCfg = Debug|Any CPU
		{CEB9D7E1-0E00-41B2-B643-B45D5B1ABEA6}.Debug|Any CPU.Build.0 = Debug|Any CPU
		{CEB9D7E1-0E00-41B2-B643-B45D5B1ABEA6}.Release|Any CPU.ActiveCfg = Release|Any CPU
		{CEB9D7E1-0E00-41B2-B643-B45D5B1ABEA6}.Release|Any CPU.Build.0 = Release|Any CPU
		{C5FD794C-B033-4582-B7EA-D04942319665}.Debug|Any CPU.ActiveCfg = Debug|Any CPU
		{C5FD794C-B033-4582-B7EA-D04942319665}.Debug|Any CPU.Build.0 = Debug|Any CPU
		{C5FD794C-B033-4582-B7EA-D04942319665}.Release|Any CPU.ActiveCfg = Release|Any CPU
		{C5FD794C-B033-4582-B7EA-D04942319665}.Release|Any CPU.Build.0 = Release|Any CPU
		{BC5DB557-BAFC-40E7-8A91-AAA79F775BA2}.Debug|Any CPU.ActiveCfg = Debug|Any CPU
		{BC5DB557-BAFC-40E7-8A91-AAA79F775BA2}.Debug|Any CPU.Build.0 = Debug|Any CPU
		{BC5DB557-BAFC-40E7-8A91-AAA79F775BA2}.Release|Any CPU.ActiveCfg = Release|Any CPU
		{BC5DB557-BAFC-40E7-8A91-AAA79F775BA2}.Release|Any CPU.Build.0 = Release|Any CPU
	EndGlobalSection
	GlobalSection(SolutionProperties) = preSolution
		HideSolutionNode = FALSE
	EndGlobalSection
	GlobalSection(ExtensibilityGlobals) = postSolution
		SolutionGuid = {B46A26D2-0AC3-45F4-A609-9C6B871BD780}
	EndGlobalSection
EndGlobal
